// !$*UTF8*$!
{
	archiveVersion = 1;
	classes = {
	};
	objectVersion = 56;
	objects = {

/* Begin PBXBuildFile section */
		EC0E6FE02BDA6D6A008B38A1 /* LoadingView.swift in Sources */ = {isa = PBXBuildFile; fileRef = EC0E6FDF2BDA6D6A008B38A1 /* LoadingView.swift */; };
		EC0E6FE22BDA7AFA008B38A1 /* RemoteImage.swift in Sources */ = {isa = PBXBuildFile; fileRef = EC0E6FE12BDA7AFA008B38A1 /* RemoteImage.swift */; };
		EC68DBAC2BDBC758003309E7 /* AccountViewModel.swift in Sources */ = {isa = PBXBuildFile; fileRef = EC68DBAB2BDBC758003309E7 /* AccountViewModel.swift */; };
		EC7A38362BBAA98200FB296E /* APError.swift in Sources */ = {isa = PBXBuildFile; fileRef = EC7A38352BBAA98200FB296E /* APError.swift */; };
		ECBE8D672BDABFA3003E50B0 /* AppetizerDetailView.swift in Sources */ = {isa = PBXBuildFile; fileRef = ECBE8D662BDABFA3003E50B0 /* AppetizerDetailView.swift */; };
		ECBE8D6B2BDAE57F003E50B0 /* APButton.swift in Sources */ = {isa = PBXBuildFile; fileRef = ECBE8D6A2BDAE57F003E50B0 /* APButton.swift */; };
		ECBE8D6D2BDAE6C6003E50B0 /* XDismissButton.swift in Sources */ = {isa = PBXBuildFile; fileRef = ECBE8D6C2BDAE6C6003E50B0 /* XDismissButton.swift */; };
		ECD28A3B2BB980A300837145 /* SwiftUIAppetizersApp.swift in Sources */ = {isa = PBXBuildFile; fileRef = ECD28A3A2BB980A300837145 /* SwiftUIAppetizersApp.swift */; };
		ECD28A3F2BB980A500837145 /* Assets.xcassets in Resources */ = {isa = PBXBuildFile; fileRef = ECD28A3E2BB980A500837145 /* Assets.xcassets */; };
		ECD28A422BB980A500837145 /* Preview Assets.xcassets in Resources */ = {isa = PBXBuildFile; fileRef = ECD28A412BB980A500837145 /* Preview Assets.xcassets */; };
		ECD28A492BB9812300837145 /* AppetizerTabView.swift in Sources */ = {isa = PBXBuildFile; fileRef = ECD28A482BB9812300837145 /* AppetizerTabView.swift */; };
		ECD28A4B2BB9816600837145 /* AppetizerListView.swift in Sources */ = {isa = PBXBuildFile; fileRef = ECD28A4A2BB9816600837145 /* AppetizerListView.swift */; };
		ECD28A4D2BB9817600837145 /* AccountView.swift in Sources */ = {isa = PBXBuildFile; fileRef = ECD28A4C2BB9817600837145 /* AccountView.swift */; };
		ECD28A4F2BB9819C00837145 /* OrderView.swift in Sources */ = {isa = PBXBuildFile; fileRef = ECD28A4E2BB9819C00837145 /* OrderView.swift */; };
		ECD28A512BB98DA100837145 /* Appetizer.swift in Sources */ = {isa = PBXBuildFile; fileRef = ECD28A502BB98DA100837145 /* Appetizer.swift */; };
		ECD28A532BB99D7100837145 /* AppetizerListCell.swift in Sources */ = {isa = PBXBuildFile; fileRef = ECD28A522BB99D7100837145 /* AppetizerListCell.swift */; };
		ECD28A552BB99F9000837145 /* NetworkManager.swift in Sources */ = {isa = PBXBuildFile; fileRef = ECD28A542BB99F9000837145 /* NetworkManager.swift */; };
		ECFBACCB2BDA360900466D09 /* AppetizerListViewModel.swift in Sources */ = {isa = PBXBuildFile; fileRef = ECFBACCA2BDA360900466D09 /* AppetizerListViewModel.swift */; };
		ECFBACCD2BDA3AB700466D09 /* Alert.swift in Sources */ = {isa = PBXBuildFile; fileRef = ECFBACCC2BDA3AB700466D09 /* Alert.swift */; };
/* End PBXBuildFile section */

/* Begin PBXFileReference section */
		EC0E6FDF2BDA6D6A008B38A1 /* LoadingView.swift */ = {isa = PBXFileReference; lastKnownFileType = sourcecode.swift; path = LoadingView.swift; sourceTree = "<group>"; };
		EC0E6FE12BDA7AFA008B38A1 /* RemoteImage.swift */ = {isa = PBXFileReference; lastKnownFileType = sourcecode.swift; path = RemoteImage.swift; sourceTree = "<group>"; };
		EC68DBAB2BDBC758003309E7 /* AccountViewModel.swift */ = {isa = PBXFileReference; lastKnownFileType = sourcecode.swift; path = AccountViewModel.swift; sourceTree = "<group>"; };
		EC7A38352BBAA98200FB296E /* APError.swift */ = {isa = PBXFileReference; lastKnownFileType = sourcecode.swift; path = APError.swift; sourceTree = "<group>"; };
		ECBE8D662BDABFA3003E50B0 /* AppetizerDetailView.swift */ = {isa = PBXFileReference; lastKnownFileType = sourcecode.swift; path = AppetizerDetailView.swift; sourceTree = "<group>"; };
		ECBE8D6A2BDAE57F003E50B0 /* APButton.swift */ = {isa = PBXFileReference; lastKnownFileType = sourcecode.swift; path = APButton.swift; sourceTree = "<group>"; };
		ECBE8D6C2BDAE6C6003E50B0 /* XDismissButton.swift */ = {isa = PBXFileReference; lastKnownFileType = sourcecode.swift; path = XDismissButton.swift; sourceTree = "<group>"; };
		ECD28A372BB980A300837145 /* SwiftUIAppetizers.app */ = {isa = PBXFileReference; explicitFileType = wrapper.application; includeInIndex = 0; path = SwiftUIAppetizers.app; sourceTree = BUILT_PRODUCTS_DIR; };
		ECD28A3A2BB980A300837145 /* SwiftUIAppetizersApp.swift */ = {isa = PBXFileReference; lastKnownFileType = sourcecode.swift; path = SwiftUIAppetizersApp.swift; sourceTree = "<group>"; };
		ECD28A3E2BB980A500837145 /* Assets.xcassets */ = {isa = PBXFileReference; lastKnownFileType = folder.assetcatalog; path = Assets.xcassets; sourceTree = "<group>"; };
		ECD28A412BB980A500837145 /* Preview Assets.xcassets */ = {isa = PBXFileReference; lastKnownFileType = folder.assetcatalog; path = "Preview Assets.xcassets"; sourceTree = "<group>"; };
		ECD28A482BB9812300837145 /* AppetizerTabView.swift */ = {isa = PBXFileReference; lastKnownFileType = sourcecode.swift; path = AppetizerTabView.swift; sourceTree = "<group>"; };
		ECD28A4A2BB9816600837145 /* AppetizerListView.swift */ = {isa = PBXFileReference; lastKnownFileType = sourcecode.swift; path = AppetizerListView.swift; sourceTree = "<group>"; };
		ECD28A4C2BB9817600837145 /* AccountView.swift */ = {isa = PBXFileReference; lastKnownFileType = sourcecode.swift; path = AccountView.swift; sourceTree = "<group>"; };
		ECD28A4E2BB9819C00837145 /* OrderView.swift */ = {isa = PBXFileReference; lastKnownFileType = sourcecode.swift; path = OrderView.swift; sourceTree = "<group>"; };
		ECD28A502BB98DA100837145 /* Appetizer.swift */ = {isa = PBXFileReference; lastKnownFileType = sourcecode.swift; path = Appetizer.swift; sourceTree = "<group>"; };
		ECD28A522BB99D7100837145 /* AppetizerListCell.swift */ = {isa = PBXFileReference; lastKnownFileType = sourcecode.swift; path = AppetizerListCell.swift; sourceTree = "<group>"; };
		ECD28A542BB99F9000837145 /* NetworkManager.swift */ = {isa = PBXFileReference; lastKnownFileType = sourcecode.swift; path = NetworkManager.swift; sourceTree = "<group>"; };
		ECFBACCA2BDA360900466D09 /* AppetizerListViewModel.swift */ = {isa = PBXFileReference; lastKnownFileType = sourcecode.swift; path = AppetizerListViewModel.swift; sourceTree = "<group>"; };
		ECFBACCC2BDA3AB700466D09 /* Alert.swift */ = {isa = PBXFileReference; lastKnownFileType = sourcecode.swift; path = Alert.swift; sourceTree = "<group>"; };
/* End PBXFileReference section */

/* Begin PBXFrameworksBuildPhase section */
		ECD28A342BB980A300837145 /* Frameworks */ = {
			isa = PBXFrameworksBuildPhase;
			buildActionMask = 2147483647;
			files = (
			);
			runOnlyForDeploymentPostprocessing = 0;
		};
/* End PBXFrameworksBuildPhase section */

/* Begin PBXGroup section */
		EC0E6FE32BDA8B87008B38A1 /* Screens */ = {
			isa = PBXGroup;
			children = (
				ECD28A482BB9812300837145 /* AppetizerTabView.swift */,
				EC0E6FE52BDA8B97008B38A1 /* AccountView */,
				EC0E6FE42BDA8B8F008B38A1 /* AppetizerView */,
				EC0E6FE62BDA8B9F008B38A1 /* OrderView */,
			);
			path = Screens;
			sourceTree = "<group>";
		};
		EC0E6FE42BDA8B8F008B38A1 /* AppetizerView */ = {
			isa = PBXGroup;
			children = (
				ECD28A4A2BB9816600837145 /* AppetizerListView.swift */,
				ECFBACCA2BDA360900466D09 /* AppetizerListViewModel.swift */,
				ECBE8D662BDABFA3003E50B0 /* AppetizerDetailView.swift */,
			);
			path = AppetizerView;
			sourceTree = "<group>";
		};
		EC0E6FE52BDA8B97008B38A1 /* AccountView */ = {
			isa = PBXGroup;
			children = (
				ECD28A4C2BB9817600837145 /* AccountView.swift */,
				EC68DBAB2BDBC758003309E7 /* AccountViewModel.swift */,
			);
			path = AccountView;
			sourceTree = "<group>";
		};
		EC0E6FE62BDA8B9F008B38A1 /* OrderView */ = {
			isa = PBXGroup;
			children = (
				ECD28A4E2BB9819C00837145 /* OrderView.swift */,
			);
			path = OrderView;
			sourceTree = "<group>";
		};
		EC0E6FE72BDA8BF7008B38A1 /* Utilities */ = {
			isa = PBXGroup;
			children = (
				EC0E6FE92BDA8C28008B38A1 /* Alerts */,
				EC0E6FE82BDA8BFF008B38A1 /* Managers */,
			);
			path = Utilities;
			sourceTree = "<group>";
		};
		EC0E6FE82BDA8BFF008B38A1 /* Managers */ = {
			isa = PBXGroup;
			children = (
				ECD28A542BB99F9000837145 /* NetworkManager.swift */,
			);
			path = Managers;
			sourceTree = "<group>";
		};
		EC0E6FE92BDA8C28008B38A1 /* Alerts */ = {
			isa = PBXGroup;
			children = (
				EC7A38352BBAA98200FB296E /* APError.swift */,
				ECFBACCC2BDA3AB700466D09 /* Alert.swift */,
			);
			path = Alerts;
			sourceTree = "<group>";
		};
		EC0E6FEA2BDA8CCB008B38A1 /* Model */ = {
			isa = PBXGroup;
			children = (
				ECD28A502BB98DA100837145 /* Appetizer.swift */,
			);
			path = Model;
			sourceTree = "<group>";
		};
		EC0E6FEB2BDA8CE3008B38A1 /* Views */ = {
			isa = PBXGroup;
			children = (
				ECBE8D682BDAE555003E50B0 /* Buttons */,
				EC0E6FED2BDA8D03008B38A1 /* Cells */,
				EC0E6FEE2BDA8D38008B38A1 /* Image */,
				EC0E6FEC2BDA8CEE008B38A1 /* UIKit Components */,
			);
			path = Views;
			sourceTree = "<group>";
		};
		EC0E6FEC2BDA8CEE008B38A1 /* UIKit Components */ = {
			isa = PBXGroup;
			children = (
				EC0E6FDF2BDA6D6A008B38A1 /* LoadingView.swift */,
			);
			path = "UIKit Components";
			sourceTree = "<group>";
		};
		EC0E6FED2BDA8D03008B38A1 /* Cells */ = {
			isa = PBXGroup;
			children = (
				ECD28A522BB99D7100837145 /* AppetizerListCell.swift */,
			);
			path = Cells;
			sourceTree = "<group>";
		};
		EC0E6FEE2BDA8D38008B38A1 /* Image */ = {
			isa = PBXGroup;
			children = (
				EC0E6FE12BDA7AFA008B38A1 /* RemoteImage.swift */,
			);
			path = Image;
			sourceTree = "<group>";
		};
		ECBE8D682BDAE555003E50B0 /* Buttons */ = {
			isa = PBXGroup;
			children = (
				ECBE8D6A2BDAE57F003E50B0 /* APButton.swift */,
				ECBE8D6C2BDAE6C6003E50B0 /* XDismissButton.swift */,
			);
			path = Buttons;
			sourceTree = "<group>";
		};
		ECD28A2E2BB980A300837145 = {
			isa = PBXGroup;
			children = (
				ECD28A392BB980A300837145 /* SwiftUIAppetizers */,
				ECD28A382BB980A300837145 /* Products */,
			);
			sourceTree = "<group>";
		};
		ECD28A382BB980A300837145 /* Products */ = {
			isa = PBXGroup;
			children = (
				ECD28A372BB980A300837145 /* SwiftUIAppetizers.app */,
			);
			name = Products;
			sourceTree = "<group>";
		};
		ECD28A392BB980A300837145 /* SwiftUIAppetizers */ = {
			isa = PBXGroup;
			children = (
				ECD28A3A2BB980A300837145 /* SwiftUIAppetizersApp.swift */,
				EC0E6FEA2BDA8CCB008B38A1 /* Model */,
				EC0E6FE72BDA8BF7008B38A1 /* Utilities */,
				EC0E6FEB2BDA8CE3008B38A1 /* Views */,
				EC0E6FE32BDA8B87008B38A1 /* Screens */,
				ECD28A3E2BB980A500837145 /* Assets.xcassets */,
				ECD28A402BB980A500837145 /* Preview Content */,
			);
			path = SwiftUIAppetizers;
			sourceTree = "<group>";
		};
		ECD28A402BB980A500837145 /* Preview Content */ = {
			isa = PBXGroup;
			children = (
				ECD28A412BB980A500837145 /* Preview Assets.xcassets */,
			);
			path = "Preview Content";
			sourceTree = "<group>";
		};
/* End PBXGroup section */

/* Begin PBXNativeTarget section */
		ECD28A362BB980A300837145 /* SwiftUIAppetizers */ = {
			isa = PBXNativeTarget;
			buildConfigurationList = ECD28A452BB980A500837145 /* Build configuration list for PBXNativeTarget "SwiftUIAppetizers" */;
			buildPhases = (
				ECD28A332BB980A300837145 /* Sources */,
				ECD28A342BB980A300837145 /* Frameworks */,
				ECD28A352BB980A300837145 /* Resources */,
			);
			buildRules = (
			);
			dependencies = (
			);
			name = SwiftUIAppetizers;
			productName = SwiftUIAppetizers;
			productReference = ECD28A372BB980A300837145 /* SwiftUIAppetizers.app */;
			productType = "com.apple.product-type.application";
		};
/* End PBXNativeTarget section */

/* Begin PBXProject section */
		ECD28A2F2BB980A300837145 /* Project object */ = {
			isa = PBXProject;
			attributes = {
				BuildIndependentTargetsInParallel = 1;
				LastSwiftUpdateCheck = 1530;
				LastUpgradeCheck = 1530;
				TargetAttributes = {
					ECD28A362BB980A300837145 = {
						CreatedOnToolsVersion = 15.3;
					};
				};
			};
			buildConfigurationList = ECD28A322BB980A300837145 /* Build configuration list for PBXProject "SwiftUIAppetizers" */;
			compatibilityVersion = "Xcode 14.0";
			developmentRegion = en;
			hasScannedForEncodings = 0;
			knownRegions = (
				en,
				Base,
			);
			mainGroup = ECD28A2E2BB980A300837145;
			productRefGroup = ECD28A382BB980A300837145 /* Products */;
			projectDirPath = "";
			projectRoot = "";
			targets = (
				ECD28A362BB980A300837145 /* SwiftUIAppetizers */,
			);
		};
/* End PBXProject section */

/* Begin PBXResourcesBuildPhase section */
		ECD28A352BB980A300837145 /* Resources */ = {
			isa = PBXResourcesBuildPhase;
			buildActionMask = 2147483647;
			files = (
				ECD28A422BB980A500837145 /* Preview Assets.xcassets in Resources */,
				ECD28A3F2BB980A500837145 /* Assets.xcassets in Resources */,
			);
			runOnlyForDeploymentPostprocessing = 0;
		};
/* End PBXResourcesBuildPhase section */

/* Begin PBXSourcesBuildPhase section */
		ECD28A332BB980A300837145 /* Sources */ = {
			isa = PBXSourcesBuildPhase;
			buildActionMask = 2147483647;
			files = (
				ECD28A512BB98DA100837145 /* Appetizer.swift in Sources */,
				EC7A38362BBAA98200FB296E /* APError.swift in Sources */,
				ECD28A532BB99D7100837145 /* AppetizerListCell.swift in Sources */,
				ECBE8D6B2BDAE57F003E50B0 /* APButton.swift in Sources */,
				ECFBACCB2BDA360900466D09 /* AppetizerListViewModel.swift in Sources */,
				ECD28A4D2BB9817600837145 /* AccountView.swift in Sources */,
				EC0E6FE02BDA6D6A008B38A1 /* LoadingView.swift in Sources */,
				EC0E6FE22BDA7AFA008B38A1 /* RemoteImage.swift in Sources */,
				ECD28A492BB9812300837145 /* AppetizerTabView.swift in Sources */,
				ECBE8D672BDABFA3003E50B0 /* AppetizerDetailView.swift in Sources */,
				ECD28A552BB99F9000837145 /* NetworkManager.swift in Sources */,
				ECD28A3B2BB980A300837145 /* SwiftUIAppetizersApp.swift in Sources */,
				ECFBACCD2BDA3AB700466D09 /* Alert.swift in Sources */,
				ECD28A4B2BB9816600837145 /* AppetizerListView.swift in Sources */,
				ECD28A4F2BB9819C00837145 /* OrderView.swift in Sources */,
				EC68DBAC2BDBC758003309E7 /* AccountViewModel.swift in Sources */,
				ECBE8D6D2BDAE6C6003E50B0 /* XDismissButton.swift in Sources */,
			);
			runOnlyForDeploymentPostprocessing = 0;
		};
/* End PBXSourcesBuildPhase section */

/* Begin XCBuildConfiguration section */
		ECD28A432BB980A500837145 /* Debug */ = {
			isa = XCBuildConfiguration;
			buildSettings = {
				ALWAYS_SEARCH_USER_PATHS = NO;
				ASSETCATALOG_COMPILER_GENERATE_SWIFT_ASSET_SYMBOL_EXTENSIONS = YES;
				CLANG_ANALYZER_NONNULL = YES;
				CLANG_ANALYZER_NUMBER_OBJECT_CONVERSION = YES_AGGRESSIVE;
				CLANG_CXX_LANGUAGE_STANDARD = "gnu++20";
				CLANG_ENABLE_MODULES = YES;
				CLANG_ENABLE_OBJC_ARC = YES;
				CLANG_ENABLE_OBJC_WEAK = YES;
				CLANG_WARN_BLOCK_CAPTURE_AUTORELEASING = YES;
				CLANG_WARN_BOOL_CONVERSION = YES;
				CLANG_WARN_COMMA = YES;
				CLANG_WARN_CONSTANT_CONVERSION = YES;
				CLANG_WARN_DEPRECATED_OBJC_IMPLEMENTATIONS = YES;
				CLANG_WARN_DIRECT_OBJC_ISA_USAGE = YES_ERROR;
				CLANG_WARN_DOCUMENTATION_COMMENTS = YES;
				CLANG_WARN_EMPTY_BODY = YES;
				CLANG_WARN_ENUM_CONVERSION = YES;
				CLANG_WARN_INFINITE_RECURSION = YES;
				CLANG_WARN_INT_CONVERSION = YES;
				CLANG_WARN_NON_LITERAL_NULL_CONVERSION = YES;
				CLANG_WARN_OBJC_IMPLICIT_RETAIN_SELF = YES;
				CLANG_WARN_OBJC_LITERAL_CONVERSION = YES;
				CLANG_WARN_OBJC_ROOT_CLASS = YES_ERROR;
				CLANG_WARN_QUOTED_INCLUDE_IN_FRAMEWORK_HEADER = YES;
				CLANG_WARN_RANGE_LOOP_ANALYSIS = YES;
				CLANG_WARN_STRICT_PROTOTYPES = YES;
				CLANG_WARN_SUSPICIOUS_MOVE = YES;
				CLANG_WARN_UNGUARDED_AVAILABILITY = YES_AGGRESSIVE;
				CLANG_WARN_UNREACHABLE_CODE = YES;
				CLANG_WARN__DUPLICATE_METHOD_MATCH = YES;
				COPY_PHASE_STRIP = NO;
				DEBUG_INFORMATION_FORMAT = dwarf;
				ENABLE_STRICT_OBJC_MSGSEND = YES;
				ENABLE_TESTABILITY = YES;
				ENABLE_USER_SCRIPT_SANDBOXING = YES;
				GCC_C_LANGUAGE_STANDARD = gnu17;
				GCC_DYNAMIC_NO_PIC = NO;
				GCC_NO_COMMON_BLOCKS = YES;
				GCC_OPTIMIZATION_LEVEL = 0;
				GCC_PREPROCESSOR_DEFINITIONS = (
					"DEBUG=1",
					"$(inherited)",
				);
				GCC_WARN_64_TO_32_BIT_CONVERSION = YES;
				GCC_WARN_ABOUT_RETURN_TYPE = YES_ERROR;
				GCC_WARN_UNDECLARED_SELECTOR = YES;
				GCC_WARN_UNINITIALIZED_AUTOS = YES_AGGRESSIVE;
				GCC_WARN_UNUSED_FUNCTION = YES;
				GCC_WARN_UNUSED_VARIABLE = YES;
				IPHONEOS_DEPLOYMENT_TARGET = 17.4;
				LOCALIZATION_PREFERS_STRING_CATALOGS = YES;
				MTL_ENABLE_DEBUG_INFO = INCLUDE_SOURCE;
				MTL_FAST_MATH = YES;
				ONLY_ACTIVE_ARCH = YES;
				SDKROOT = iphoneos;
				SWIFT_ACTIVE_COMPILATION_CONDITIONS = "DEBUG $(inherited)";
				SWIFT_OPTIMIZATION_LEVEL = "-Onone";
			};
			name = Debug;
		};
		ECD28A442BB980A500837145 /* Release */ = {
			isa = XCBuildConfiguration;
			buildSettings = {
				ALWAYS_SEARCH_USER_PATHS = NO;
				ASSETCATALOG_COMPILER_GENERATE_SWIFT_ASSET_SYMBOL_EXTENSIONS = YES;
				CLANG_ANALYZER_NONNULL = YES;
				CLANG_ANALYZER_NUMBER_OBJECT_CONVERSION = YES_AGGRESSIVE;
				CLANG_CXX_LANGUAGE_STANDARD = "gnu++20";
				CLANG_ENABLE_MODULES = YES;
				CLANG_ENABLE_OBJC_ARC = YES;
				CLANG_ENABLE_OBJC_WEAK = YES;
				CLANG_WARN_BLOCK_CAPTURE_AUTORELEASING = YES;
				CLANG_WARN_BOOL_CONVERSION = YES;
				CLANG_WARN_COMMA = YES;
				CLANG_WARN_CONSTANT_CONVERSION = YES;
				CLANG_WARN_DEPRECATED_OBJC_IMPLEMENTATIONS = YES;
				CLANG_WARN_DIRECT_OBJC_ISA_USAGE = YES_ERROR;
				CLANG_WARN_DOCUMENTATION_COMMENTS = YES;
				CLANG_WARN_EMPTY_BODY = YES;
				CLANG_WARN_ENUM_CONVERSION = YES;
				CLANG_WARN_INFINITE_RECURSION = YES;
				CLANG_WARN_INT_CONVERSION = YES;
				CLANG_WARN_NON_LITERAL_NULL_CONVERSION = YES;
				CLANG_WARN_OBJC_IMPLICIT_RETAIN_SELF = YES;
				CLANG_WARN_OBJC_LITERAL_CONVERSION = YES;
				CLANG_WARN_OBJC_ROOT_CLASS = YES_ERROR;
				CLANG_WARN_QUOTED_INCLUDE_IN_FRAMEWORK_HEADER = YES;
				CLANG_WARN_RANGE_LOOP_ANALYSIS = YES;
				CLANG_WARN_STRICT_PROTOTYPES = YES;
				CLANG_WARN_SUSPICIOUS_MOVE = YES;
				CLANG_WARN_UNGUARDED_AVAILABILITY = YES_AGGRESSIVE;
				CLANG_WARN_UNREACHABLE_CODE = YES;
				CLANG_WARN__DUPLICATE_METHOD_MATCH = YES;
				COPY_PHASE_STRIP = NO;
				DEBUG_INFORMATION_FORMAT = "dwarf-with-dsym";
				ENABLE_NS_ASSERTIONS = NO;
				ENABLE_STRICT_OBJC_MSGSEND = YES;
				ENABLE_USER_SCRIPT_SANDBOXING = YES;
				GCC_C_LANGUAGE_STANDARD = gnu17;
				GCC_NO_COMMON_BLOCKS = YES;
				GCC_WARN_64_TO_32_BIT_CONVERSION = YES;
				GCC_WARN_ABOUT_RETURN_TYPE = YES_ERROR;
				GCC_WARN_UNDECLARED_SELECTOR = YES;
				GCC_WARN_UNINITIALIZED_AUTOS = YES_AGGRESSIVE;
				GCC_WARN_UNUSED_FUNCTION = YES;
				GCC_WARN_UNUSED_VARIABLE = YES;
				IPHONEOS_DEPLOYMENT_TARGET = 17.4;
				LOCALIZATION_PREFERS_STRING_CATALOGS = YES;
				MTL_ENABLE_DEBUG_INFO = NO;
				MTL_FAST_MATH = YES;
				SDKROOT = iphoneos;
				SWIFT_COMPILATION_MODE = wholemodule;
				VALIDATE_PRODUCT = YES;
			};
			name = Release;
		};
		ECD28A462BB980A500837145 /* Debug */ = {
			isa = XCBuildConfiguration;
			buildSettings = {
				ASSETCATALOG_COMPILER_APPICON_NAME = AppIcon;
				ASSETCATALOG_COMPILER_GLOBAL_ACCENT_COLOR_NAME = AccentColor;
				CODE_SIGN_STYLE = Automatic;
				CURRENT_PROJECT_VERSION = 1;
				DEVELOPMENT_ASSET_PATHS = "\"SwiftUIAppetizers/Preview Content\"";
				DEVELOPMENT_TEAM = 9RY3YFMNU4;
				ENABLE_PREVIEWS = YES;
				GENERATE_INFOPLIST_FILE = YES;
				INFOPLIST_KEY_UIApplicationSceneManifest_Generation = YES;
				INFOPLIST_KEY_UIApplicationSupportsIndirectInputEvents = YES;
				INFOPLIST_KEY_UILaunchScreen_Generation = YES;
				INFOPLIST_KEY_UISupportedInterfaceOrientations_iPad = "UIInterfaceOrientationPortrait UIInterfaceOrientationPortraitUpsideDown UIInterfaceOrientationLandscapeLeft UIInterfaceOrientationLandscapeRight";
				INFOPLIST_KEY_UISupportedInterfaceOrientations_iPhone = "UIInterfaceOrientationPortrait UIInterfaceOrientationLandscapeLeft UIInterfaceOrientationLandscapeRight";
				LD_RUNPATH_SEARCH_PATHS = (
					"$(inherited)",
					"@executable_path/Frameworks",
				);
				MARKETING_VERSION = 1.0;
				PRODUCT_BUNDLE_IDENTIFIER = com.swiftuifundamentals2024.SwiftUIAppetizers;
				PRODUCT_NAME = "$(TARGET_NAME)";
				SWIFT_EMIT_LOC_STRINGS = YES;
				SWIFT_VERSION = 5.0;
				TARGETED_DEVICE_FAMILY = "1,2";
			};
			name = Debug;
		};
		ECD28A472BB980A500837145 /* Release */ = {
			isa = XCBuildConfiguration;
			buildSettings = {
				ASSETCATALOG_COMPILER_APPICON_NAME = AppIcon;
				ASSETCATALOG_COMPILER_GLOBAL_ACCENT_COLOR_NAME = AccentColor;
				CODE_SIGN_STYLE = Automatic;
				CURRENT_PROJECT_VERSION = 1;
				DEVELOPMENT_ASSET_PATHS = "\"SwiftUIAppetizers/Preview Content\"";
				DEVELOPMENT_TEAM = 9RY3YFMNU4;
				ENABLE_PREVIEWS = YES;
				GENERATE_INFOPLIST_FILE = YES;
				INFOPLIST_KEY_UIApplicationSceneManifest_Generation = YES;
				INFOPLIST_KEY_UIApplicationSupportsIndirectInputEvents = YES;
				INFOPLIST_KEY_UILaunchScreen_Generation = YES;
				INFOPLIST_KEY_UISupportedInterfaceOrientations_iPad = "UIInterfaceOrientationPortrait UIInterfaceOrientationPortraitUpsideDown UIInterfaceOrientationLandscapeLeft UIInterfaceOrientationLandscapeRight";
				INFOPLIST_KEY_UISupportedInterfaceOrientations_iPhone = "UIInterfaceOrientationPortrait UIInterfaceOrientationLandscapeLeft UIInterfaceOrientationLandscapeRight";
				LD_RUNPATH_SEARCH_PATHS = (
					"$(inherited)",
					"@executable_path/Frameworks",
				);
				MARKETING_VERSION = 1.0;
				PRODUCT_BUNDLE_IDENTIFIER = com.swiftuifundamentals2024.SwiftUIAppetizers;
				PRODUCT_NAME = "$(TARGET_NAME)";
				SWIFT_EMIT_LOC_STRINGS = YES;
				SWIFT_VERSION = 5.0;
				TARGETED_DEVICE_FAMILY = "1,2";
			};
			name = Release;
		};
/* End XCBuildConfiguration section */

/* Begin XCConfigurationList section */
		ECD28A322BB980A300837145 /* Build configuration list for PBXProject "SwiftUIAppetizers" */ = {
			isa = XCConfigurationList;
			buildConfigurations = (
				ECD28A432BB980A500837145 /* Debug */,
				ECD28A442BB980A500837145 /* Release */,
			);
			defaultConfigurationIsVisible = 0;
			defaultConfigurationName = Release;
		};
		ECD28A452BB980A500837145 /* Build configuration list for PBXNativeTarget "SwiftUIAppetizers" */ = {
			isa = XCConfigurationList;
			buildConfigurations = (
				ECD28A462BB980A500837145 /* Debug */,
				ECD28A472BB980A500837145 /* Release */,
			);
			defaultConfigurationIsVisible = 0;
			defaultConfigurationName = Release;
		};
/* End XCConfigurationList section */
	};
	rootObject = ECD28A2F2BB980A300837145 /* Project object */;
}
